
Microsoft Visual Studio Solution File, Format Version 12.00
# Visual Studio 15
VisualStudioVersion = 15.0.28010.2016
MinimumVisualStudioVersion = 10.0.40219.1
Project("{FAE04EC0-301F-11D3-BF4B-00C04F79EFBC}") = "VSLiquidSyntax", "VSLiquidSyntax\VSLiquidSyntax.csproj", "{36AAE6F3-30CE-4082-B65B-9127B35AFF22}"
EndProject
Global
	GlobalSection(SolutionConfigurationPlatforms) = preSolution
		Debug|Any CPU = Debug|Any CPU
		Release|Any CPU = Release|Any CPU
	EndGlobalSection
	GlobalSection(ProjectConfigurationPlatforms) = postSolution
		{36AAE6F3-30CE-4082-B65B-9127B35AFF22}.Debug|Any CPU.ActiveCfg = Debug|Any CPU
		{36AAE6F3-30CE-4082-B65B-9127B35AFF22}.Debug|Any CPU.Build.0 = Debug|Any CPU
		{36AAE6F3-30CE-4082-B65B-9127B35AFF22}.Release|Any CPU.ActiveCfg = Release|Any CPU
		{36AAE6F3-30CE-4082-B65B-9127B35AFF22}.Release|Any CPU.Build.0 = Release|Any CPU
	EndGlobalSection
	GlobalSection(SolutionProperties) = preSolution
		HideSolutionNode = FALSE
	EndGlobalSection
	GlobalSection(ExtensibilityGlobals) = postSolution
		SolutionGuid = {75AE2129-73AE-4FF6-A8A8-FE40887EDC4C}
	EndGlobalSection
EndGlobal
